{
    "_readme": [
        "This file locks the dependencies of your project to a known state",
        "Read more about it at https://getcomposer.org/doc/01-basic-usage.md#composer-lock-the-lock-file",
        "This file is @generated automatically"
    ],
    "content-hash": "f99491d865cdbbea71a663117fab96e1",
    "packages": [
        {
            "name": "pear2/cache_shm",
            "version": "0.2.0",
            "source": {
                "type": "git",
                "url": "https://github.com/pear2/Cache_SHM.git",
                "reference": "1de608d1b59df5ba55172ba727b1da581e1497eb"
            },
            "dist": {
                "type": "zip",
                "url": "https://api.github.com/repos/pear2/Cache_SHM/zipball/1de608d1b59df5ba55172ba727b1da581e1497eb",
                "reference": "1de608d1b59df5ba55172ba727b1da581e1497eb",
                "shasum": ""
            },
            "require": {
                "php": ">=5.3.9"
            },
            "suggest": {
                "ext-apc": ">=5.0.0",
                "ext-wincache": ">=1.1.0"
            },
            "type": "library",
            "autoload": {
                "psr-0": {
                    "PEAR2\\Cache\\SHM": "src/"
                }
            },
            "notification-url": "https://packagist.org/downloads/",
            "license": [
                "LGPL-2.1"
            ],
            "authors": [
                {
                    "name": "Vasil Rangelov",
                    "email": "boen.robot@gmail.com",
                    "role": "lead"
                }
            ],
            "description": "Wrapper for shared memory and locking functionality across different PHP extensions.",
            "homepage": "http://pear2.github.com/Cache_SHM/",
            "keywords": [
                "abstraction",
                "apc",
                "cache",
                "caching",
                "lock",
                "locking",
                "pear2",
                "shm",
                "wincache"
            ],
            "time": "2016-11-07T02:09:36+00:00"
        },
        {
            "name": "pear2/net_routeros",
            "version": "1.0.0b6",
            "source": {
                "type": "git",
                "url": "https://github.com/pear2/Net_RouterOS.git",
                "reference": "8af33b009ec51c09d3bc09f3986034f19f7c439c"
            },
            "dist": {
                "type": "zip",
                "url": "https://api.github.com/repos/pear2/Net_RouterOS/zipball/8af33b009ec51c09d3bc09f3986034f19f7c439c",
                "reference": "8af33b009ec51c09d3bc09f3986034f19f7c439c",
                "shasum": ""
            },
            "require": {
                "pear2/net_transmitter": ">=1.0.0b1",
                "php": ">=5.3.0"
            },
            "require-dev": {
                "pear2/cache_shm": "dev-develop",
                "pear2/console_color": "dev-develop",
                "pear2/console_commandline": "dev-master",
                "phpunit/phpunit": "@stable",
                "squizlabs/php_codesniffer": "@stable"
            },
            "suggest": {
                "ext-apc": "This, APCu or Wincache is required for persistent connections.",
                "ext-apcu": "This, APC or Wincache is required for persistent connections.",
                "ext-openssl": "Enables encrypted connections.",
                "ext-wincache": "This, APC or APCu is required for persistent connections. Reccomended for Windows.",
                "pear2/cache_shm": "Enables persistent connections.",
                "pear2/console_color": "Enables colors in the console",
                "pear2/console_commandline": "Enables the console"
            },
            "bin": [
                "scripts/roscon.php"
            ],
            "type": "library",
            "autoload": {
                "psr-0": {
                    "PEAR2\\Net\\RouterOS\\": "src/",
                    "PEAR2\\Net\\Transmitter\\": "vendor/pear2/net_transmitter/src/",
                    "PEAR2\\Cache\\SHM": "vendor/pear2/cache_shm/src/",
                    "PEAR2\\Console\\Color": "vendor/pear2/console_color/src/"
                }
            },
            "notification-url": "https://packagist.org/downloads/",
            "license": [
                "LGPL-2.1"
            ],
            "authors": [
                {
                    "name": "Vasil Rangelov",
                    "email": "boen.robot@gmail.com",
                    "role": "lead"
                }
            ],
            "description": "This package allows you to read and write information from a RouterOS host using MikroTik's RouterOS API.",
            "homepage": "http://pear2.github.com/Net_RouterOS/",
            "keywords": [
                "api",
                "mikrotik",
                "package",
                "pear2",
                "router",
                "routeros"
            ],
            "time": "2017-05-22T15:42:06+00:00"
        },
        {
            "name": "pear2/net_transmitter",
            "version": "1.0.0b2",
            "source": {
                "type": "git",
                "url": "https://github.com/pear2/Net_Transmitter.git",
                "reference": "5abea5cd481ac9631f446cfb8fb415f4c43318f6"
            },
            "dist": {
                "type": "zip",
                "url": "https://api.github.com/repos/pear2/Net_Transmitter/zipball/5abea5cd481ac9631f446cfb8fb415f4c43318f6",
                "reference": "5abea5cd481ac9631f446cfb8fb415f4c43318f6",
                "shasum": ""
            },
            "require": {
                "php": ">=5.3.0"
            },
            "require-dev": {
                "phpunit/phpunit": "@stable"
            },
            "suggest": {
                "ext-apc": "This, APCu or Wincache is required for persistent connections.",
                "ext-apcu": "This, APC or Wincache is required for persistent connections.",
                "ext-openssl": "Enables encrypted connections.",
                "ext-wincache": "This, APC or APCu is required for persistent connections. Reccomended for Windows.",
                "pear2/cache_shm": "Enables persistent connections"
            },
            "type": "library",
            "autoload": {
                "psr-0": {
                    "PEAR2\\Net\\Transmitter\\": "src/"
                }
            },
            "notification-url": "https://packagist.org/downloads/",
            "license": [
                "LGPL-2.1"
            ],
            "authors": [
                {
                    "name": "Vasil Rangelov",
                    "email": "boen.robot@gmail.com",
                    "role": "lead"
                }
            ],
            "description": "A stream wrapper that ensures data integrity. Particularly useful for sockets.",
            "homepage": "http://pear2.github.com/Net_Transmitter/",
            "keywords": [
                "Socket",
                "integrity",
                "network",
                "networking",
                "package",
                "pear2",
                "sockets"
            ],
            "time": "2017-05-13T13:41:29+00:00"
        },
        {
            "name": "phpmailer/phpmailer",
            "version": "v6.0.0",
            "source": {
                "type": "git",
                "url": "https://github.com/PHPMailer/PHPMailer.git",
                "reference": "ea25dc122d22966b7dd4ca1083c63afeeb50dfcd"
            },
            "dist": {
                "type": "zip",
                "url": "https://api.github.com/repos/PHPMailer/PHPMailer/zipball/ea25dc122d22966b7dd4ca1083c63afeeb50dfcd",
                "reference": "ea25dc122d22966b7dd4ca1083c63afeeb50dfcd",
                "shasum": ""
            },
            "require": {
                "ext-ctype": "*",
                "php": ">=5.5.0"
            },
            "require-dev": {
                "doctrine/annotations": "1.2.*",
                "phpdocumentor/phpdocumentor": "2.*",
                "phpunit/phpunit": "4.*",
                "zendframework/zend-eventmanager": "3.0.*",
                "zendframework/zend-i18n": "2.7.3",
                "zendframework/zend-serializer": "2.7.*"
            },
            "suggest": {
                "ext-mbstring": "Needed to send email in multibyte encoding charset",
                "hayageek/oauth2-yahoo": "Needed for Yahoo XOAUTH2 authentication",
                "league/oauth2-google": "Needed for Google XOAUTH2 authentication",
                "psr/log": "For optional PSR-3 debug logging",
                "stevenmaguire/oauth2-microsoft": "Needed for Microsoft XOAUTH2 authentication",
                "symfony/polyfill-mbstring": "To support UTF-8 if the Mbstring PHP extension is not enabled (^1.2)"
            },
            "type": "library",
            "autoload": {
                "psr-4": {
                    "PHPMailer\\PHPMailer\\": "src/"
                }
            },
            "notification-url": "https://packagist.org/downloads/",
            "license": [
                "LGPL-2.1"
            ],
            "authors": [
                {
                    "name": "Jim Jagielski",
                    "email": "jimjag@gmail.com"
                },
                {
                    "name": "Marcus Bointon",
                    "email": "phpmailer@synchromedia.co.uk"
                },
                {
                    "name": "Andy Prevost",
                    "email": "codeworxtech@users.sourceforge.net"
                },
                {
                    "name": "Brent R. Matzelle"
                }
            ],
            "description": "PHPMailer is a full-featured email creation and transfer class for PHP",
            "time": "2017-08-28T11:42:41+00:00"
        }
    ],
    "packages-dev": [],
    "aliases": [],
    "minimum-stability": "stable",
    "stability-flags": {
        "pear2/cache_shm": 15,
        "pear2/net_transmitter": 10,
        "pear2/net_routeros": 10
    },
    "prefer-stable": false,
    "prefer-lowest": false,
    "platform": [],
    "platform-dev": []
}
